// !$*UTF8*$!
{
	archiveVersion = 1;
	classes = {
	};
	objectVersion = 46;
	objects = {

/* Begin PBXBuildFile section */
		374C6A721C54686A00C3EB54 /* CafeObject.m in Sources */ = {isa = PBXBuildFile; fileRef = 374C6A711C54686A00C3EB54 /* CafeObject.m */; };
		37F06F901C54722E00F776DC /* FavoriteObject.m in Sources */ = {isa = PBXBuildFile; fileRef = 37F06F8F1C54722E00F776DC /* FavoriteObject.m */; };
		37F06FD21C5491DE00F776DC /* UIImage+Util.m in Sources */ = {isa = PBXBuildFile; fileRef = 37F06FD11C5491DE00F776DC /* UIImage+Util.m */; };
		37F06FD61C549CCE00F776DC /* AWParseManager.m in Sources */ = {isa = PBXBuildFile; fileRef = 37F06FD51C549CCE00F776DC /* AWParseManager.m */; };
		37F06FD91C54A4EB00F776DC /* CafeDao.m in Sources */ = {isa = PBXBuildFile; fileRef = 37F06FD81C54A4EB00F776DC /* CafeDao.m */; };
		9F20AE621C53E855006659F5 /* main.m in Sources */ = {isa = PBXBuildFile; fileRef = 9F20AE611C53E855006659F5 /* main.m */; };
		9F20AE651C53E855006659F5 /* AppDelegate.m in Sources */ = {isa = PBXBuildFile; fileRef = 9F20AE641C53E855006659F5 /* AppDelegate.m */; };
		9F20AE6D1C53E855006659F5 /* Assets.xcassets in Resources */ = {isa = PBXBuildFile; fileRef = 9F20AE6C1C53E855006659F5 /* Assets.xcassets */; };
		9F20AE7B1C53E855006659F5 /* awajiTests.m in Sources */ = {isa = PBXBuildFile; fileRef = 9F20AE7A1C53E855006659F5 /* awajiTests.m */; };
		9F20AE861C53E855006659F5 /* awajiUITests.m in Sources */ = {isa = PBXBuildFile; fileRef = 9F20AE851C53E855006659F5 /* awajiUITests.m */; };
		9F20AE951C53E8F5006659F5 /* FeedViewController.m in Sources */ = {isa = PBXBuildFile; fileRef = 9F20AE941C53E8F5006659F5 /* FeedViewController.m */; };
		9F20AE9D1C5465EA006659F5 /* CafeInfoCell.m in Sources */ = {isa = PBXBuildFile; fileRef = 9F20AE9C1C5465EA006659F5 /* CafeInfoCell.m */; };
		9F20AEA11C5466D3006659F5 /* Const.m in Sources */ = {isa = PBXBuildFile; fileRef = 9F20AEA01C5466D3006659F5 /* Const.m */; };
		9F20AEA81C54790F006659F5 /* AWNavigationController.m in Sources */ = {isa = PBXBuildFile; fileRef = 9F20AEA71C54790F006659F5 /* AWNavigationController.m */; };
		9F20AEAD1C548F03006659F5 /* UINavigationBar+Awesome.m in Sources */ = {isa = PBXBuildFile; fileRef = 9F20AEAC1C548F03006659F5 /* UINavigationBar+Awesome.m */; };
		A55EB9567E0AF7A60BD46CE2 /* libPods-awaji.a in Frameworks */ = {isa = PBXBuildFile; fileRef = 06283C3E37790178BA6FA315 /* libPods-awaji.a */; };
/* End PBXBuildFile section */

/* Begin PBXContainerItemProxy section */
		9F20AE771C53E855006659F5 /* PBXContainerItemProxy */ = {
			isa = PBXContainerItemProxy;
			containerPortal = 9F20AE551C53E854006659F5 /* Project object */;
			proxyType = 1;
			remoteGlobalIDString = 9F20AE5C1C53E854006659F5;
			remoteInfo = awaji;
		};
		9F20AE821C53E855006659F5 /* PBXContainerItemProxy */ = {
			isa = PBXContainerItemProxy;
			containerPortal = 9F20AE551C53E854006659F5 /* Project object */;
			proxyType = 1;
			remoteGlobalIDString = 9F20AE5C1C53E854006659F5;
			remoteInfo = awaji;
		};
/* End PBXContainerItemProxy section */

/* Begin PBXFileReference section */
		06283C3E37790178BA6FA315 /* libPods-awaji.a */ = {isa = PBXFileReference; explicitFileType = archive.ar; includeInIndex = 0; path = "libPods-awaji.a"; sourceTree = BUILT_PRODUCTS_DIR; };
		2F54906CCAFF1CD54E8C760B /* Pods-awaji.debug.xcconfig */ = {isa = PBXFileReference; includeInIndex = 1; lastKnownFileType = text.xcconfig; name = "Pods-awaji.debug.xcconfig"; path = "Pods/Target Support Files/Pods-awaji/Pods-awaji.debug.xcconfig"; sourceTree = "<group>"; };
		374C6A701C54686A00C3EB54 /* CafeObject.h */ = {isa = PBXFileReference; fileEncoding = 4; lastKnownFileType = sourcecode.c.h; path = CafeObject.h; sourceTree = "<group>"; };
		374C6A711C54686A00C3EB54 /* CafeObject.m */ = {isa = PBXFileReference; fileEncoding = 4; lastKnownFileType = sourcecode.c.objc; path = CafeObject.m; sourceTree = "<group>"; };
		37F06F8E1C54722E00F776DC /* FavoriteObject.h */ = {isa = PBXFileReference; fileEncoding = 4; lastKnownFileType = sourcecode.c.h; path = FavoriteObject.h; sourceTree = "<group>"; };
		37F06F8F1C54722E00F776DC /* FavoriteObject.m */ = {isa = PBXFileReference; fileEncoding = 4; lastKnownFileType = sourcecode.c.objc; path = FavoriteObject.m; sourceTree = "<group>"; };
		37F06FD01C5491DE00F776DC /* UIImage+Util.h */ = {isa = PBXFileReference; fileEncoding = 4; lastKnownFileType = sourcecode.c.h; path = "UIImage+Util.h"; sourceTree = "<group>"; };
		37F06FD11C5491DE00F776DC /* UIImage+Util.m */ = {isa = PBXFileReference; fileEncoding = 4; lastKnownFileType = sourcecode.c.objc; path = "UIImage+Util.m"; sourceTree = "<group>"; };
		37F06FD41C549CCE00F776DC /* AWParseManager.h */ = {isa = PBXFileReference; fileEncoding = 4; lastKnownFileType = sourcecode.c.h; path = AWParseManager.h; sourceTree = "<group>"; };
		37F06FD51C549CCE00F776DC /* AWParseManager.m */ = {isa = PBXFileReference; fileEncoding = 4; lastKnownFileType = sourcecode.c.objc; path = AWParseManager.m; sourceTree = "<group>"; };
		37F06FD71C54A4EB00F776DC /* CafeDao.h */ = {isa = PBXFileReference; fileEncoding = 4; lastKnownFileType = sourcecode.c.h; path = CafeDao.h; sourceTree = "<group>"; };
		37F06FD81C54A4EB00F776DC /* CafeDao.m */ = {isa = PBXFileReference; fileEncoding = 4; lastKnownFileType = sourcecode.c.objc; path = CafeDao.m; sourceTree = "<group>"; };
		4E305E6FE16996D0E55A4179 /* Pods-awaji.release.xcconfig */ = {isa = PBXFileReference; includeInIndex = 1; lastKnownFileType = text.xcconfig; name = "Pods-awaji.release.xcconfig"; path = "Pods/Target Support Files/Pods-awaji/Pods-awaji.release.xcconfig"; sourceTree = "<group>"; };
		9F20AE5D1C53E854006659F5 /* awaji.app */ = {isa = PBXFileReference; explicitFileType = wrapper.application; includeInIndex = 0; path = awaji.app; sourceTree = BUILT_PRODUCTS_DIR; };
		9F20AE611C53E855006659F5 /* main.m */ = {isa = PBXFileReference; lastKnownFileType = sourcecode.c.objc; path = main.m; sourceTree = "<group>"; };
		9F20AE631C53E855006659F5 /* AppDelegate.h */ = {isa = PBXFileReference; lastKnownFileType = sourcecode.c.h; path = AppDelegate.h; sourceTree = "<group>"; };
		9F20AE641C53E855006659F5 /* AppDelegate.m */ = {isa = PBXFileReference; lastKnownFileType = sourcecode.c.objc; path = AppDelegate.m; sourceTree = "<group>"; };
		9F20AE6C1C53E855006659F5 /* Assets.xcassets */ = {isa = PBXFileReference; lastKnownFileType = folder.assetcatalog; path = Assets.xcassets; sourceTree = "<group>"; };
		9F20AE711C53E855006659F5 /* Info.plist */ = {isa = PBXFileReference; lastKnownFileType = text.plist.xml; path = Info.plist; sourceTree = "<group>"; };
		9F20AE761C53E855006659F5 /* awajiTests.xctest */ = {isa = PBXFileReference; explicitFileType = wrapper.cfbundle; includeInIndex = 0; path = awajiTests.xctest; sourceTree = BUILT_PRODUCTS_DIR; };
		9F20AE7A1C53E855006659F5 /* awajiTests.m */ = {isa = PBXFileReference; lastKnownFileType = sourcecode.c.objc; path = awajiTests.m; sourceTree = "<group>"; };
		9F20AE7C1C53E855006659F5 /* Info.plist */ = {isa = PBXFileReference; lastKnownFileType = text.plist.xml; path = Info.plist; sourceTree = "<group>"; };
		9F20AE811C53E855006659F5 /* awajiUITests.xctest */ = {isa = PBXFileReference; explicitFileType = wrapper.cfbundle; includeInIndex = 0; path = awajiUITests.xctest; sourceTree = BUILT_PRODUCTS_DIR; };
		9F20AE851C53E855006659F5 /* awajiUITests.m */ = {isa = PBXFileReference; lastKnownFileType = sourcecode.c.objc; path = awajiUITests.m; sourceTree = "<group>"; };
		9F20AE871C53E855006659F5 /* Info.plist */ = {isa = PBXFileReference; lastKnownFileType = text.plist.xml; path = Info.plist; sourceTree = "<group>"; };
		9F20AE931C53E8F5006659F5 /* FeedViewController.h */ = {isa = PBXFileReference; fileEncoding = 4; lastKnownFileType = sourcecode.c.h; path = FeedViewController.h; sourceTree = "<group>"; };
		9F20AE941C53E8F5006659F5 /* FeedViewController.m */ = {isa = PBXFileReference; fileEncoding = 4; lastKnownFileType = sourcecode.c.objc; path = FeedViewController.m; sourceTree = "<group>"; };
		9F20AE9B1C5465EA006659F5 /* CafeInfoCell.h */ = {isa = PBXFileReference; fileEncoding = 4; lastKnownFileType = sourcecode.c.h; path = CafeInfoCell.h; sourceTree = "<group>"; };
		9F20AE9C1C5465EA006659F5 /* CafeInfoCell.m */ = {isa = PBXFileReference; fileEncoding = 4; lastKnownFileType = sourcecode.c.objc; path = CafeInfoCell.m; sourceTree = "<group>"; };
		9F20AE9F1C5466D3006659F5 /* Const.h */ = {isa = PBXFileReference; fileEncoding = 4; lastKnownFileType = sourcecode.c.h; path = Const.h; sourceTree = "<group>"; };
		9F20AEA01C5466D3006659F5 /* Const.m */ = {isa = PBXFileReference; fileEncoding = 4; lastKnownFileType = sourcecode.c.objc; path = Const.m; sourceTree = "<group>"; };
		9F20AEA21C5466E1006659F5 /* Macro.h */ = {isa = PBXFileReference; lastKnownFileType = sourcecode.c.h; path = Macro.h; sourceTree = "<group>"; };
		9F20AEA31C54671B006659F5 /* awaji-PrefixHeader.pch */ = {isa = PBXFileReference; lastKnownFileType = sourcecode.c.h; path = "awaji-PrefixHeader.pch"; sourceTree = "<group>"; };
		9F20AEA61C54790F006659F5 /* AWNavigationController.h */ = {isa = PBXFileReference; fileEncoding = 4; lastKnownFileType = sourcecode.c.h; path = AWNavigationController.h; sourceTree = "<group>"; };
		9F20AEA71C54790F006659F5 /* AWNavigationController.m */ = {isa = PBXFileReference; fileEncoding = 4; lastKnownFileType = sourcecode.c.objc; path = AWNavigationController.m; sourceTree = "<group>"; };
		9F20AEAB1C548F03006659F5 /* UINavigationBar+Awesome.h */ = {isa = PBXFileReference; fileEncoding = 4; lastKnownFileType = sourcecode.c.h; path = "UINavigationBar+Awesome.h"; sourceTree = "<group>"; };
		9F20AEAC1C548F03006659F5 /* UINavigationBar+Awesome.m */ = {isa = PBXFileReference; fileEncoding = 4; lastKnownFileType = sourcecode.c.objc; path = "UINavigationBar+Awesome.m"; sourceTree = "<group>"; };
/* End PBXFileReference section */

/* Begin PBXFrameworksBuildPhase section */
		9F20AE5A1C53E854006659F5 /* Frameworks */ = {
			isa = PBXFrameworksBuildPhase;
			buildActionMask = 2147483647;
			files = (
				A55EB9567E0AF7A60BD46CE2 /* libPods-awaji.a in Frameworks */,
			);
			runOnlyForDeploymentPostprocessing = 0;
		};
		9F20AE731C53E855006659F5 /* Frameworks */ = {
			isa = PBXFrameworksBuildPhase;
			buildActionMask = 2147483647;
			files = (
			);
			runOnlyForDeploymentPostprocessing = 0;
		};
		9F20AE7E1C53E855006659F5 /* Frameworks */ = {
			isa = PBXFrameworksBuildPhase;
			buildActionMask = 2147483647;
			files = (
			);
			runOnlyForDeploymentPostprocessing = 0;
		};
/* End PBXFrameworksBuildPhase section */

/* Begin PBXGroup section */
		37F06FD31C549C9E00F776DC /* Manager */ = {
			isa = PBXGroup;
			children = (
				37F06FD41C549CCE00F776DC /* AWParseManager.h */,
				37F06FD51C549CCE00F776DC /* AWParseManager.m */,
			);
			name = Manager;
			sourceTree = "<group>";
		};
		60A44FC9C3B902D1FDB6C60D /* Pods */ = {
			isa = PBXGroup;
			children = (
				2F54906CCAFF1CD54E8C760B /* Pods-awaji.debug.xcconfig */,
				4E305E6FE16996D0E55A4179 /* Pods-awaji.release.xcconfig */,
			);
			name = Pods;
			sourceTree = "<group>";
		};
		9F20AE541C53E854006659F5 = {
			isa = PBXGroup;
			children = (
				9F20AE5F1C53E854006659F5 /* awaji */,
				9F20AE791C53E855006659F5 /* awajiTests */,
				9F20AE841C53E855006659F5 /* awajiUITests */,
				9F20AE5E1C53E854006659F5 /* Products */,
				60A44FC9C3B902D1FDB6C60D /* Pods */,
			);
			sourceTree = "<group>";
		};
		9F20AE5E1C53E854006659F5 /* Products */ = {
			isa = PBXGroup;
			children = (
				9F20AE5D1C53E854006659F5 /* awaji.app */,
				9F20AE761C53E855006659F5 /* awajiTests.xctest */,
				9F20AE811C53E855006659F5 /* awajiUITests.xctest */,
			);
			name = Products;
			sourceTree = "<group>";
		};
		9F20AE5F1C53E854006659F5 /* awaji */ = {
			isa = PBXGroup;
			children = (
				37F06FD31C549C9E00F776DC /* Manager */,
				9F20AEA91C548E3C006659F5 /* ThirdParty */,
				9F20AEA41C54764D006659F5 /* Category */,
				9F20AE9E1C5466B4006659F5 /* Const */,
				9F20AE981C53E96C006659F5 /* Views */,
				9F20AE971C53E962006659F5 /* ViewControllers */,
				9F20AE961C53E956006659F5 /* Models */,
				9F20AE631C53E855006659F5 /* AppDelegate.h */,
				9F20AE641C53E855006659F5 /* AppDelegate.m */,
				9F20AE6C1C53E855006659F5 /* Assets.xcassets */,
				9F20AE711C53E855006659F5 /* Info.plist */,
				9F20AE601C53E855006659F5 /* Supporting Files */,
			);
			path = awaji;
			sourceTree = "<group>";
		};
		9F20AE601C53E855006659F5 /* Supporting Files */ = {
			isa = PBXGroup;
			children = (
				9F20AE611C53E855006659F5 /* main.m */,
				9F20AEA31C54671B006659F5 /* awaji-PrefixHeader.pch */,
			);
			name = "Supporting Files";
			sourceTree = "<group>";
		};
		9F20AE791C53E855006659F5 /* awajiTests */ = {
			isa = PBXGroup;
			children = (
				9F20AE7A1C53E855006659F5 /* awajiTests.m */,
				9F20AE7C1C53E855006659F5 /* Info.plist */,
			);
			path = awajiTests;
			sourceTree = "<group>";
		};
		9F20AE841C53E855006659F5 /* awajiUITests */ = {
			isa = PBXGroup;
			children = (
				9F20AE851C53E855006659F5 /* awajiUITests.m */,
				9F20AE871C53E855006659F5 /* Info.plist */,
			);
			path = awajiUITests;
			sourceTree = "<group>";
		};
		9F20AE961C53E956006659F5 /* Models */ = {
			isa = PBXGroup;
			children = (
				374C6A701C54686A00C3EB54 /* CafeObject.h */,
				374C6A711C54686A00C3EB54 /* CafeObject.m */,
				37F06F8E1C54722E00F776DC /* FavoriteObject.h */,
				37F06F8F1C54722E00F776DC /* FavoriteObject.m */,
				37F06FD71C54A4EB00F776DC /* CafeDao.h */,
				37F06FD81C54A4EB00F776DC /* CafeDao.m */,
			);
			name = Models;
			sourceTree = "<group>";
		};
		9F20AE971C53E962006659F5 /* ViewControllers */ = {
			isa = PBXGroup;
			children = (
				9F20AEA51C5478CC006659F5 /* NavigationController */,
				9F20AE991C53E984006659F5 /* FeedViewController */,
			);
			name = ViewControllers;
			sourceTree = "<group>";
		};
		9F20AE981C53E96C006659F5 /* Views */ = {
			isa = PBXGroup;
			children = (
				9F20AE9A1C5465BD006659F5 /* CafeInfoCell */,
			);
			name = Views;
			sourceTree = "<group>";
		};
		9F20AE991C53E984006659F5 /* FeedViewController */ = {
			isa = PBXGroup;
			children = (
				9F20AE931C53E8F5006659F5 /* FeedViewController.h */,
				9F20AE941C53E8F5006659F5 /* FeedViewController.m */,
			);
			name = FeedViewController;
			sourceTree = "<group>";
		};
		9F20AE9A1C5465BD006659F5 /* CafeInfoCell */ = {
			isa = PBXGroup;
			children = (
				9F20AE9B1C5465EA006659F5 /* CafeInfoCell.h */,
				9F20AE9C1C5465EA006659F5 /* CafeInfoCell.m */,
			);
			name = CafeInfoCell;
			sourceTree = "<group>";
		};
		9F20AE9E1C5466B4006659F5 /* Const */ = {
			isa = PBXGroup;
			children = (
				9F20AE9F1C5466D3006659F5 /* Const.h */,
				9F20AEA01C5466D3006659F5 /* Const.m */,
				9F20AEA21C5466E1006659F5 /* Macro.h */,
			);
			name = Const;
			sourceTree = "<group>";
		};
		9F20AEA41C54764D006659F5 /* Category */ = {
			isa = PBXGroup;
			children = (
				37F06FD01C5491DE00F776DC /* UIImage+Util.h */,
				37F06FD11C5491DE00F776DC /* UIImage+Util.m */,
			);
			name = Category;
			sourceTree = "<group>";
		};
		9F20AEA51C5478CC006659F5 /* NavigationController */ = {
			isa = PBXGroup;
			children = (
				9F20AEA61C54790F006659F5 /* AWNavigationController.h */,
				9F20AEA71C54790F006659F5 /* AWNavigationController.m */,
			);
			name = NavigationController;
			sourceTree = "<group>";
		};
		9F20AEA91C548E3C006659F5 /* ThirdParty */ = {
			isa = PBXGroup;
			children = (
				9F20AEAA1C548EEB006659F5 /* LTNavigationBar */,
			);
			name = ThirdParty;
			sourceTree = "<group>";
		};
		9F20AEAA1C548EEB006659F5 /* LTNavigationBar */ = {
			isa = PBXGroup;
			children = (
				9F20AEAB1C548F03006659F5 /* UINavigationBar+Awesome.h */,
				9F20AEAC1C548F03006659F5 /* UINavigationBar+Awesome.m */,
			);
			name = LTNavigationBar;
			sourceTree = "<group>";
		};
/* End PBXGroup section */

/* Begin PBXNativeTarget section */
		9F20AE5C1C53E854006659F5 /* awaji */ = {
			isa = PBXNativeTarget;
			buildConfigurationList = 9F20AE8A1C53E855006659F5 /* Build configuration list for PBXNativeTarget "awaji" */;
			buildPhases = (
				6111060945FF7D41544E9DFE /* Check Pods Manifest.lock */,
				9F20AE591C53E854006659F5 /* Sources */,
				9F20AE5A1C53E854006659F5 /* Frameworks */,
				9F20AE5B1C53E854006659F5 /* Resources */,
				F7EDB554B7E6B7533C596380 /* Embed Pods Frameworks */,
				C6A7DB818CC20CCEB9D6E22C /* Copy Pods Resources */,
			);
			buildRules = (
			);
			dependencies = (
			);
			name = awaji;
			productName = awaji;
			productReference = 9F20AE5D1C53E854006659F5 /* awaji.app */;
			productType = "com.apple.product-type.application";
		};
		9F20AE751C53E855006659F5 /* awajiTests */ = {
			isa = PBXNativeTarget;
			buildConfigurationList = 9F20AE8D1C53E855006659F5 /* Build configuration list for PBXNativeTarget "awajiTests" */;
			buildPhases = (
				9F20AE721C53E855006659F5 /* Sources */,
				9F20AE731C53E855006659F5 /* Frameworks */,
				9F20AE741C53E855006659F5 /* Resources */,
			);
			buildRules = (
			);
			dependencies = (
				9F20AE781C53E855006659F5 /* PBXTargetDependency */,
			);
			name = awajiTests;
			productName = awajiTests;
			productReference = 9F20AE761C53E855006659F5 /* awajiTests.xctest */;
			productType = "com.apple.product-type.bundle.unit-test";
		};
		9F20AE801C53E855006659F5 /* awajiUITests */ = {
			isa = PBXNativeTarget;
			buildConfigurationList = 9F20AE901C53E855006659F5 /* Build configuration list for PBXNativeTarget "awajiUITests" */;
			buildPhases = (
				9F20AE7D1C53E855006659F5 /* Sources */,
				9F20AE7E1C53E855006659F5 /* Frameworks */,
				9F20AE7F1C53E855006659F5 /* Resources */,
			);
			buildRules = (
			);
			dependencies = (
				9F20AE831C53E855006659F5 /* PBXTargetDependency */,
			);
			name = awajiUITests;
			productName = awajiUITests;
			productReference = 9F20AE811C53E855006659F5 /* awajiUITests.xctest */;
			productType = "com.apple.product-type.bundle.ui-testing";
		};
/* End PBXNativeTarget section */

/* Begin PBXProject section */
		9F20AE551C53E854006659F5 /* Project object */ = {
			isa = PBXProject;
			attributes = {
				LastUpgradeCheck = 0710;
				ORGANIZATIONNAME = "Keisuke Tatsumi";
				TargetAttributes = {
					9F20AE5C1C53E854006659F5 = {
						CreatedOnToolsVersion = 7.1;
					};
					9F20AE751C53E855006659F5 = {
						CreatedOnToolsVersion = 7.1;
						TestTargetID = 9F20AE5C1C53E854006659F5;
					};
					9F20AE801C53E855006659F5 = {
						CreatedOnToolsVersion = 7.1;
						TestTargetID = 9F20AE5C1C53E854006659F5;
					};
				};
			};
			buildConfigurationList = 9F20AE581C53E854006659F5 /* Build configuration list for PBXProject "awaji" */;
			compatibilityVersion = "Xcode 3.2";
			developmentRegion = English;
			hasScannedForEncodings = 0;
			knownRegions = (
				en,
				Base,
			);
			mainGroup = 9F20AE541C53E854006659F5;
			productRefGroup = 9F20AE5E1C53E854006659F5 /* Products */;
			projectDirPath = "";
			projectRoot = "";
			targets = (
				9F20AE5C1C53E854006659F5 /* awaji */,
				9F20AE751C53E855006659F5 /* awajiTests */,
				9F20AE801C53E855006659F5 /* awajiUITests */,
			);
		};
/* End PBXProject section */

/* Begin PBXResourcesBuildPhase section */
		9F20AE5B1C53E854006659F5 /* Resources */ = {
			isa = PBXResourcesBuildPhase;
			buildActionMask = 2147483647;
			files = (
				9F20AE6D1C53E855006659F5 /* Assets.xcassets in Resources */,
			);
			runOnlyForDeploymentPostprocessing = 0;
		};
		9F20AE741C53E855006659F5 /* Resources */ = {
			isa = PBXResourcesBuildPhase;
			buildActionMask = 2147483647;
			files = (
			);
			runOnlyForDeploymentPostprocessing = 0;
		};
		9F20AE7F1C53E855006659F5 /* Resources */ = {
			isa = PBXResourcesBuildPhase;
			buildActionMask = 2147483647;
			files = (
			);
			runOnlyForDeploymentPostprocessing = 0;
		};
/* End PBXResourcesBuildPhase section */

/* Begin PBXShellScriptBuildPhase section */
		6111060945FF7D41544E9DFE /* Check Pods Manifest.lock */ = {
			isa = PBXShellScriptBuildPhase;
			buildActionMask = 2147483647;
			files = (
			);
			inputPaths = (
			);
			name = "Check Pods Manifest.lock";
			outputPaths = (
			);
			runOnlyForDeploymentPostprocessing = 0;
			shellPath = /bin/sh;
			shellScript = "diff \"${PODS_ROOT}/../Podfile.lock\" \"${PODS_ROOT}/Manifest.lock\" > /dev/null\nif [[ $? != 0 ]] ; then\n    cat << EOM\nerror: The sandbox is not in sync with the Podfile.lock. Run 'pod install' or update your CocoaPods installation.\nEOM\n    exit 1\nfi\n";
			showEnvVarsInLog = 0;
		};
		C6A7DB818CC20CCEB9D6E22C /* Copy Pods Resources */ = {
			isa = PBXShellScriptBuildPhase;
			buildActionMask = 2147483647;
			files = (
			);
			inputPaths = (
			);
			name = "Copy Pods Resources";
			outputPaths = (
			);
			runOnlyForDeploymentPostprocessing = 0;
			shellPath = /bin/sh;
			shellScript = "\"${SRCROOT}/Pods/Target Support Files/Pods-awaji/Pods-awaji-resources.sh\"\n";
			showEnvVarsInLog = 0;
		};
		F7EDB554B7E6B7533C596380 /* Embed Pods Frameworks */ = {
			isa = PBXShellScriptBuildPhase;
			buildActionMask = 2147483647;
			files = (
			);
			inputPaths = (
			);
			name = "Embed Pods Frameworks";
			outputPaths = (
			);
			runOnlyForDeploymentPostprocessing = 0;
			shellPath = /bin/sh;
			shellScript = "\"${SRCROOT}/Pods/Target Support Files/Pods-awaji/Pods-awaji-frameworks.sh\"\n";
			showEnvVarsInLog = 0;
		};
/* End PBXShellScriptBuildPhase section */

/* Begin PBXSourcesBuildPhase section */
		9F20AE591C53E854006659F5 /* Sources */ = {
			isa = PBXSourcesBuildPhase;
			buildActionMask = 2147483647;
			files = (
				9F20AEA11C5466D3006659F5 /* Const.m in Sources */,
				9F20AE9D1C5465EA006659F5 /* CafeInfoCell.m in Sources */,
				9F20AE651C53E855006659F5 /* AppDelegate.m in Sources */,
				374C6A721C54686A00C3EB54 /* CafeObject.m in Sources */,
				9F20AEAD1C548F03006659F5 /* UINavigationBar+Awesome.m in Sources */,
				9F20AE951C53E8F5006659F5 /* FeedViewController.m in Sources */,
				37F06F901C54722E00F776DC /* FavoriteObject.m in Sources */,
				37F06FD61C549CCE00F776DC /* AWParseManager.m in Sources */,
				37F06FD21C5491DE00F776DC /* UIImage+Util.m in Sources */,
				9F20AE621C53E855006659F5 /* main.m in Sources */,
				9F20AEA81C54790F006659F5 /* AWNavigationController.m in Sources */,
				37F06FD91C54A4EB00F776DC /* CafeDao.m in Sources */,
			);
			runOnlyForDeploymentPostprocessing = 0;
		};
		9F20AE721C53E855006659F5 /* Sources */ = {
			isa = PBXSourcesBuildPhase;
			buildActionMask = 2147483647;
			files = (
				9F20AE7B1C53E855006659F5 /* awajiTests.m in Sources */,
			);
			runOnlyForDeploymentPostprocessing = 0;
		};
		9F20AE7D1C53E855006659F5 /* Sources */ = {
			isa = PBXSourcesBuildPhase;
			buildActionMask = 2147483647;
			files = (
				9F20AE861C53E855006659F5 /* awajiUITests.m in Sources */,
			);
			runOnlyForDeploymentPostprocessing = 0;
		};
/* End PBXSourcesBuildPhase section */

/* Begin PBXTargetDependency section */
		9F20AE781C53E855006659F5 /* PBXTargetDependency */ = {
			isa = PBXTargetDependency;
			target = 9F20AE5C1C53E854006659F5 /* awaji */;
			targetProxy = 9F20AE771C53E855006659F5 /* PBXContainerItemProxy */;
		};
		9F20AE831C53E855006659F5 /* PBXTargetDependency */ = {
			isa = PBXTargetDependency;
			target = 9F20AE5C1C53E854006659F5 /* awaji */;
			targetProxy = 9F20AE821C53E855006659F5 /* PBXContainerItemProxy */;
		};
/* End PBXTargetDependency section */

/* Begin XCBuildConfiguration section */
		9F20AE881C53E855006659F5 /* Debug */ = {
			isa = XCBuildConfiguration;
			buildSettings = {
				ALWAYS_SEARCH_USER_PATHS = NO;
				CLANG_CXX_LANGUAGE_STANDARD = "gnu++0x";
				CLANG_CXX_LIBRARY = "libc++";
				CLANG_ENABLE_MODULES = YES;
				CLANG_ENABLE_OBJC_ARC = YES;
				CLANG_WARN_BOOL_CONVERSION = YES;
				CLANG_WARN_CONSTANT_CONVERSION = YES;
				CLANG_WARN_DIRECT_OBJC_ISA_USAGE = YES_ERROR;
				CLANG_WARN_EMPTY_BODY = YES;
				CLANG_WARN_ENUM_CONVERSION = YES;
				CLANG_WARN_INT_CONVERSION = YES;
				CLANG_WARN_OBJC_ROOT_CLASS = YES_ERROR;
				CLANG_WARN_UNREACHABLE_CODE = YES;
				CLANG_WARN__DUPLICATE_METHOD_MATCH = YES;
				"CODE_SIGN_IDENTITY[sdk=iphoneos*]" = "iPhone Developer";
				COPY_PHASE_STRIP = NO;
				DEBUG_INFORMATION_FORMAT = dwarf;
				ENABLE_STRICT_OBJC_MSGSEND = YES;
				ENABLE_TESTABILITY = YES;
				GCC_C_LANGUAGE_STANDARD = gnu99;
				GCC_DYNAMIC_NO_PIC = NO;
				GCC_NO_COMMON_BLOCKS = YES;
				GCC_OPTIMIZATION_LEVEL = 0;
				GCC_PREPROCESSOR_DEFINITIONS = (
					"DEBUG=1",
					"$(inherited)",
				);
				GCC_WARN_64_TO_32_BIT_CONVERSION = YES;
				GCC_WARN_ABOUT_RETURN_TYPE = YES_ERROR;
				GCC_WARN_UNDECLARED_SELECTOR = YES;
				GCC_WARN_UNINITIALIZED_AUTOS = YES_AGGRESSIVE;
				GCC_WARN_UNUSED_FUNCTION = YES;
				GCC_WARN_UNUSED_VARIABLE = YES;
				IPHONEOS_DEPLOYMENT_TARGET = 8.0;
				MTL_ENABLE_DEBUG_INFO = YES;
				ONLY_ACTIVE_ARCH = YES;
				SDKROOT = iphoneos;
			};
			name = Debug;
		};
		9F20AE891C53E855006659F5 /* Release */ = {
			isa = XCBuildConfiguration;
			buildSettings = {
				ALWAYS_SEARCH_USER_PATHS = NO;
				CLANG_CXX_LANGUAGE_STANDARD = "gnu++0x";
				CLANG_CXX_LIBRARY = "libc++";
				CLANG_ENABLE_MODULES = YES;
				CLANG_ENABLE_OBJC_ARC = YES;
				CLANG_WARN_BOOL_CONVERSION = YES;
				CLANG_WARN_CONSTANT_CONVERSION = YES;
				CLANG_WARN_DIRECT_OBJC_ISA_USAGE = YES_ERROR;
				CLANG_WARN_EMPTY_BODY = YES;
				CLANG_WARN_ENUM_CONVERSION = YES;
				CLANG_WARN_INT_CONVERSION = YES;
				CLANG_WARN_OBJC_ROOT_CLASS = YES_ERROR;
				CLANG_WARN_UNREACHABLE_CODE = YES;
				CLANG_WARN__DUPLICATE_METHOD_MATCH = YES;
				"CODE_SIGN_IDENTITY[sdk=iphoneos*]" = "iPhone Developer";
				COPY_PHASE_STRIP = NO;
				DEBUG_INFORMATION_FORMAT = "dwarf-with-dsym";
				ENABLE_NS_ASSERTIONS = NO;
				ENABLE_STRICT_OBJC_MSGSEND = YES;
				GCC_C_LANGUAGE_STANDARD = gnu99;
				GCC_NO_COMMON_BLOCKS = YES;
				GCC_WARN_64_TO_32_BIT_CONVERSION = YES;
				GCC_WARN_ABOUT_RETURN_TYPE = YES_ERROR;
				GCC_WARN_UNDECLARED_SELECTOR = YES;
				GCC_WARN_UNINITIALIZED_AUTOS = YES_AGGRESSIVE;
				GCC_WARN_UNUSED_FUNCTION = YES;
				GCC_WARN_UNUSED_VARIABLE = YES;
				IPHONEOS_DEPLOYMENT_TARGET = 8.0;
				MTL_ENABLE_DEBUG_INFO = NO;
				SDKROOT = iphoneos;
				VALIDATE_PRODUCT = YES;
			};
			name = Release;
		};
		9F20AE8B1C53E855006659F5 /* Debug */ = {
			isa = XCBuildConfiguration;
			baseConfigurationReference = 2F54906CCAFF1CD54E8C760B /* Pods-awaji.debug.xcconfig */;
			buildSettings = {
				ASSETCATALOG_COMPILER_APPICON_NAME = AppIcon;
				ASSETCATALOG_COMPILER_LAUNCHIMAGE_NAME = "Brand Assets";
				GCC_PREFIX_HEADER = "awaji/awaji-PrefixHeader.pch";
				INFOPLIST_FILE = awaji/Info.plist;
				LD_RUNPATH_SEARCH_PATHS = "$(inherited) @executable_path/Frameworks";
				PRODUCT_BUNDLE_IDENTIFIER = jp.glorydays.awaji;
				PRODUCT_NAME = "$(TARGET_NAME)";
			};
			name = Debug;
		};
		9F20AE8C1C53E855006659F5 /* Release */ = {
			isa = XCBuildConfiguration;
			baseConfigurationReference = 4E305E6FE16996D0E55A4179 /* Pods-awaji.release.xcconfig */;
			buildSettings = {
				ASSETCATALOG_COMPILER_APPICON_NAME = AppIcon;
				ASSETCATALOG_COMPILER_LAUNCHIMAGE_NAME = "Brand Assets";
				GCC_PREFIX_HEADER = "awaji/awaji-PrefixHeader.pch";
				INFOPLIST_FILE = awaji/Info.plist;
				LD_RUNPATH_SEARCH_PATHS = "$(inherited) @executable_path/Frameworks";
				PRODUCT_BUNDLE_IDENTIFIER = jp.glorydays.awaji;
				PRODUCT_NAME = "$(TARGET_NAME)";
			};
			name = Release;
		};
		9F20AE8E1C53E855006659F5 /* Debug */ = {
			isa = XCBuildConfiguration;
			buildSettings = {
				BUNDLE_LOADER = "$(TEST_HOST)";
				INFOPLIST_FILE = awajiTests/Info.plist;
				LD_RUNPATH_SEARCH_PATHS = "$(inherited) @executable_path/Frameworks @loader_path/Frameworks";
				PRODUCT_BUNDLE_IDENTIFIER = jp.glorydays.awajiTests;
				PRODUCT_NAME = "$(TARGET_NAME)";
				TEST_HOST = "$(BUILT_PRODUCTS_DIR)/awaji.app/awaji";
			};
			name = Debug;
		};
		9F20AE8F1C53E855006659F5 /* Release */ = {
			isa = XCBuildConfiguration;
			buildSettings = {
				BUNDLE_LOADER = "$(TEST_HOST)";
				INFOPLIST_FILE = awajiTests/Info.plist;
				LD_RUNPATH_SEARCH_PATHS = "$(inherited) @executable_path/Frameworks @loader_path/Frameworks";
				PRODUCT_BUNDLE_IDENTIFIER = jp.glorydays.awajiTests;
				PRODUCT_NAME = "$(TARGET_NAME)";
				TEST_HOST = "$(BUILT_PRODUCTS_DIR)/awaji.app/awaji";
			};
			name = Release;
		};
		9F20AE911C53E855006659F5 /* Debug */ = {
			isa = XCBuildConfiguration;
			buildSettings = {
				INFOPLIST_FILE = awajiUITests/Info.plist;
				LD_RUNPATH_SEARCH_PATHS = "$(inherited) @executable_path/Frameworks @loader_path/Frameworks";
				PRODUCT_BUNDLE_IDENTIFIER = jp.glorydays.awajiUITests;
				PRODUCT_NAME = "$(TARGET_NAME)";
				TEST_TARGET_NAME = awaji;
				USES_XCTRUNNER = YES;
			};
			name = Debug;
		};
		9F20AE921C53E855006659F5 /* Release */ = {
			isa = XCBuildConfiguration;
			buildSettings = {
				INFOPLIST_FILE = awajiUITests/Info.plist;
				LD_RUNPATH_SEARCH_PATHS = "$(inherited) @executable_path/Frameworks @loader_path/Frameworks";
				PRODUCT_BUNDLE_IDENTIFIER = jp.glorydays.awajiUITests;
				PRODUCT_NAME = "$(TARGET_NAME)";
				TEST_TARGET_NAME = awaji;
				USES_XCTRUNNER = YES;
			};
			name = Release;
		};
/* End XCBuildConfiguration section */

/* Begin XCConfigurationList section */
		9F20AE581C53E854006659F5 /* Build configuration list for PBXProject "awaji" */ = {
			isa = XCConfigurationList;
			buildConfigurations = (
				9F20AE881C53E855006659F5 /* Debug */,
				9F20AE891C53E855006659F5 /* Release */,
			);
			defaultConfigurationIsVisible = 0;
			defaultConfigurationName = Release;
		};
		9F20AE8A1C53E855006659F5 /* Build configuration list for PBXNativeTarget "awaji" */ = {
			isa = XCConfigurationList;
			buildConfigurations = (
				9F20AE8B1C53E855006659F5 /* Debug */,
				9F20AE8C1C53E855006659F5 /* Release */,
			);
			defaultConfigurationIsVisible = 0;
			defaultConfigurationName = Release;
		};
		9F20AE8D1C53E855006659F5 /* Build configuration list for PBXNativeTarget "awajiTests" */ = {
			isa = XCConfigurationList;
			buildConfigurations = (
				9F20AE8E1C53E855006659F5 /* Debug */,
				9F20AE8F1C53E855006659F5 /* Release */,
			);
			defaultConfigurationIsVisible = 0;
			defaultConfigurationName = Release;
		};
		9F20AE901C53E855006659F5 /* Build configuration list for PBXNativeTarget "awajiUITests" */ = {
			isa = XCConfigurationList;
			buildConfigurations = (
				9F20AE911C53E855006659F5 /* Debug */,
				9F20AE921C53E855006659F5 /* Release */,
			);
			defaultConfigurationIsVisible = 0;
			defaultConfigurationName = Release;
		};
/* End XCConfigurationList section */
	};
	rootObject = 9F20AE551C53E854006659F5 /* Project object */;
}
